
Microsoft Visual Studio Solution File, Format Version 12.00
# Visual Studio Version 16
VisualStudioVersion = 16.0.31129.286
MinimumVisualStudioVersion = 10.0.40219.1
Project("{FAE04EC0-301F-11D3-BF4B-00C04F79EFBC}") = "DelayOFF_Program", "DelayOFF_Program.csproj", "{D3B5F43C-F636-4141-9E36-B30E9491184A}"
EndProject
Project("{54435603-DBB4-11D2-8724-00A0C9A8B90C}") = "DelayOFF Installer", "..\Setup\Setup.vdproj", "{3B0D91BE-E542-494D-BB78-5990A347DAC0}"
EndProject
Global
	GlobalSection(SolutionConfigurationPlatforms) = preSolution
		Debug|Any CPU = Debug|Any CPU
		Release|Any CPU = Release|Any CPU
	EndGlobalSection
	GlobalSection(ProjectConfigurationPlatforms) = postSolution
		{D3B5F43C-F636-4141-9E36-B30E9491184A}.Debug|Any CPU.ActiveCfg = Debug|Any CPU
		{D3B5F43C-F636-4141-9E36-B30E9491184A}.Debug|Any CPU.Build.0 = Debug|Any CPU
		{D3B5F43C-F636-4141-9E36-B30E9491184A}.Release|Any CPU.ActiveCfg = Release|Any CPU
		{D3B5F43C-F636-4141-9E36-B30E9491184A}.Release|Any CPU.Build.0 = Release|Any CPU
		{3B0D91BE-E542-494D-BB78-5990A347DAC0}.Debug|Any CPU.ActiveCfg = Debug
		{3B0D91BE-E542-494D-BB78-5990A347DAC0}.Release|Any CPU.ActiveCfg = Release
	EndGlobalSection
	GlobalSection(SolutionProperties) = preSolution
		HideSolutionNode = FALSE
	EndGlobalSection
	GlobalSection(ExtensibilityGlobals) = postSolution
		SolutionGuid = {0BC80B32-B46F-424A-A7B6-A536D534A932}
	EndGlobalSection
EndGlobal
